// !$*UTF8*$!
{
	archiveVersion = 1;
	classes = {
	};
	objectVersion = 56;
	objects = {

/* Begin PBXBuildFile section */
		6425C7362BC3C69C00D05FE8 /* AddView.swift in Sources */ = {isa = PBXBuildFile; fileRef = 6425C7352BC3C69C00D05FE8 /* AddView.swift */; };
		64273E432BEBD09100698C7B /* UpdateView.swift in Sources */ = {isa = PBXBuildFile; fileRef = 64273E422BEBD09100698C7B /* UpdateView.swift */; };
		64549E372BF12F2200C3EF7C /* LocationManager.swift in Sources */ = {isa = PBXBuildFile; fileRef = 64549E362BF12F2200C3EF7C /* LocationManager.swift */; };
		64549E392BF1502C00C3EF7C /* FeelingsEmotions.swift in Sources */ = {isa = PBXBuildFile; fileRef = 64549E382BF1502C00C3EF7C /* FeelingsEmotions.swift */; };
		645820F92BE79A830065140C /* ColorManager.swift in Sources */ = {isa = PBXBuildFile; fileRef = 645820F82BE79A830065140C /* ColorManager.swift */; };
		645820FB2BE7D3A00065140C /* AppDelegate.swift in Sources */ = {isa = PBXBuildFile; fileRef = 645820FA2BE7D3A00065140C /* AppDelegate.swift */; };
		645820FD2BE7D4650065140C /* NotificationManager.swift in Sources */ = {isa = PBXBuildFile; fileRef = 645820FC2BE7D4650065140C /* NotificationManager.swift */; };
		645821012BE7D5FF0065140C /* DateHelper.swift in Sources */ = {isa = PBXBuildFile; fileRef = 645821002BE7D5FF0065140C /* DateHelper.swift */; };
		645821032BE7E7690065140C /* EmotionLog.swift in Sources */ = {isa = PBXBuildFile; fileRef = 645821022BE7E7690065140C /* EmotionLog.swift */; };
		645821052BE7FCAC0065140C /* DetailView.swift in Sources */ = {isa = PBXBuildFile; fileRef = 645821042BE7FCAC0065140C /* DetailView.swift */; };
		64D029312BB9955C00812207 /* EmotionsTrackerApp.swift in Sources */ = {isa = PBXBuildFile; fileRef = 64D029302BB9955C00812207 /* EmotionsTrackerApp.swift */; };
		64D029332BB9955C00812207 /* ContentView.swift in Sources */ = {isa = PBXBuildFile; fileRef = 64D029322BB9955C00812207 /* ContentView.swift */; };
		64D029352BB9955E00812207 /* Assets.xcassets in Resources */ = {isa = PBXBuildFile; fileRef = 64D029342BB9955E00812207 /* Assets.xcassets */; };
		64D029382BB9955E00812207 /* Preview Assets.xcassets in Resources */ = {isa = PBXBuildFile; fileRef = 64D029372BB9955E00812207 /* Preview Assets.xcassets */; };
		64D029442BB99A2B00812207 /* SettingsView.swift in Sources */ = {isa = PBXBuildFile; fileRef = 64D029432BB99A2B00812207 /* SettingsView.swift */; };
		64D029462BB99A6A00812207 /* AffirmationsView.swift in Sources */ = {isa = PBXBuildFile; fileRef = 64D029452BB99A6A00812207 /* AffirmationsView.swift */; };
		64D029482BB99AA300812207 /* InsightsView.swift in Sources */ = {isa = PBXBuildFile; fileRef = 64D029472BB99AA300812207 /* InsightsView.swift */; };
		64D0294A2BB99ABD00812207 /* JournalView.swift in Sources */ = {isa = PBXBuildFile; fileRef = 64D029492BB99ABD00812207 /* JournalView.swift */; };
/* End PBXBuildFile section */

/* Begin PBXFileReference section */
		6425C7352BC3C69C00D05FE8 /* AddView.swift */ = {isa = PBXFileReference; lastKnownFileType = sourcecode.swift; path = AddView.swift; sourceTree = "<group>"; };
		64273E422BEBD09100698C7B /* UpdateView.swift */ = {isa = PBXFileReference; lastKnownFileType = sourcecode.swift; path = UpdateView.swift; sourceTree = "<group>"; };
		64549E362BF12F2200C3EF7C /* LocationManager.swift */ = {isa = PBXFileReference; lastKnownFileType = sourcecode.swift; path = LocationManager.swift; sourceTree = "<group>"; };
		64549E382BF1502C00C3EF7C /* FeelingsEmotions.swift */ = {isa = PBXFileReference; lastKnownFileType = sourcecode.swift; path = FeelingsEmotions.swift; sourceTree = "<group>"; };
		645820F82BE79A830065140C /* ColorManager.swift */ = {isa = PBXFileReference; lastKnownFileType = sourcecode.swift; path = ColorManager.swift; sourceTree = "<group>"; };
		645820FA2BE7D3A00065140C /* AppDelegate.swift */ = {isa = PBXFileReference; lastKnownFileType = sourcecode.swift; path = AppDelegate.swift; sourceTree = "<group>"; };
		645820FC2BE7D4650065140C /* NotificationManager.swift */ = {isa = PBXFileReference; lastKnownFileType = sourcecode.swift; path = NotificationManager.swift; sourceTree = "<group>"; };
		645821002BE7D5FF0065140C /* DateHelper.swift */ = {isa = PBXFileReference; lastKnownFileType = sourcecode.swift; path = DateHelper.swift; sourceTree = "<group>"; };
		645821022BE7E7690065140C /* EmotionLog.swift */ = {isa = PBXFileReference; lastKnownFileType = sourcecode.swift; path = EmotionLog.swift; sourceTree = "<group>"; };
		645821042BE7FCAC0065140C /* DetailView.swift */ = {isa = PBXFileReference; lastKnownFileType = sourcecode.swift; path = DetailView.swift; sourceTree = "<group>"; };
		646B50982C0D2224005B4117 /* README.md */ = {isa = PBXFileReference; lastKnownFileType = net.daringfireball.markdown; path = README.md; sourceTree = "<group>"; };
		64D0292D2BB9955C00812207 /* EmotionsTracker.app */ = {isa = PBXFileReference; explicitFileType = wrapper.application; includeInIndex = 0; path = EmotionsTracker.app; sourceTree = BUILT_PRODUCTS_DIR; };
		64D029302BB9955C00812207 /* EmotionsTrackerApp.swift */ = {isa = PBXFileReference; lastKnownFileType = sourcecode.swift; path = EmotionsTrackerApp.swift; sourceTree = "<group>"; };
		64D029322BB9955C00812207 /* ContentView.swift */ = {isa = PBXFileReference; lastKnownFileType = sourcecode.swift; path = ContentView.swift; sourceTree = "<group>"; };
		64D029342BB9955E00812207 /* Assets.xcassets */ = {isa = PBXFileReference; lastKnownFileType = folder.assetcatalog; path = Assets.xcassets; sourceTree = "<group>"; };
		64D029372BB9955E00812207 /* Preview Assets.xcassets */ = {isa = PBXFileReference; lastKnownFileType = folder.assetcatalog; path = "Preview Assets.xcassets"; sourceTree = "<group>"; };
		64D029432BB99A2B00812207 /* SettingsView.swift */ = {isa = PBXFileReference; lastKnownFileType = sourcecode.swift; path = SettingsView.swift; sourceTree = "<group>"; };
		64D029452BB99A6A00812207 /* AffirmationsView.swift */ = {isa = PBXFileReference; lastKnownFileType = sourcecode.swift; path = AffirmationsView.swift; sourceTree = "<group>"; };
		64D029472BB99AA300812207 /* InsightsView.swift */ = {isa = PBXFileReference; lastKnownFileType = sourcecode.swift; path = InsightsView.swift; sourceTree = "<group>"; };
		64D029492BB99ABD00812207 /* JournalView.swift */ = {isa = PBXFileReference; lastKnownFileType = sourcecode.swift; path = JournalView.swift; sourceTree = "<group>"; };
/* End PBXFileReference section */

/* Begin PBXFrameworksBuildPhase section */
		64D0292A2BB9955C00812207 /* Frameworks */ = {
			isa = PBXFrameworksBuildPhase;
			buildActionMask = 2147483647;
			files = (
			);
			runOnlyForDeploymentPostprocessing = 0;
		};
/* End PBXFrameworksBuildPhase section */

/* Begin PBXGroup section */
		64D029242BB9955C00812207 = {
			isa = PBXGroup;
			children = (
				646B50982C0D2224005B4117 /* README.md */,
				64D0292F2BB9955C00812207 /* EmotionsTracker */,
				64D0292E2BB9955C00812207 /* Products */,
			);
			sourceTree = "<group>";
		};
		64D0292E2BB9955C00812207 /* Products */ = {
			isa = PBXGroup;
			children = (
				64D0292D2BB9955C00812207 /* EmotionsTracker.app */,
			);
			name = Products;
			sourceTree = "<group>";
		};
		64D0292F2BB9955C00812207 /* EmotionsTracker */ = {
			isa = PBXGroup;
			children = (
				64273E422BEBD09100698C7B /* UpdateView.swift */,
				64D029452BB99A6A00812207 /* AffirmationsView.swift */,
				64D029302BB9955C00812207 /* EmotionsTrackerApp.swift */,
				64D029322BB9955C00812207 /* ContentView.swift */,
				64D029342BB9955E00812207 /* Assets.xcassets */,
				64D029362BB9955E00812207 /* Preview Content */,
				64D029432BB99A2B00812207 /* SettingsView.swift */,
				64D029472BB99AA300812207 /* InsightsView.swift */,
				64D029492BB99ABD00812207 /* JournalView.swift */,
				6425C7352BC3C69C00D05FE8 /* AddView.swift */,
				645820F82BE79A830065140C /* ColorManager.swift */,
				645820FA2BE7D3A00065140C /* AppDelegate.swift */,
				645820FC2BE7D4650065140C /* NotificationManager.swift */,
				645821002BE7D5FF0065140C /* DateHelper.swift */,
				645821022BE7E7690065140C /* EmotionLog.swift */,
				645821042BE7FCAC0065140C /* DetailView.swift */,
				64549E362BF12F2200C3EF7C /* LocationManager.swift */,
				64549E382BF1502C00C3EF7C /* FeelingsEmotions.swift */,
			);
			path = EmotionsTracker;
			sourceTree = "<group>";
		};
		64D029362BB9955E00812207 /* Preview Content */ = {
			isa = PBXGroup;
			children = (
				64D029372BB9955E00812207 /* Preview Assets.xcassets */,
			);
			path = "Preview Content";
			sourceTree = "<group>";
		};
/* End PBXGroup section */

/* Begin PBXNativeTarget section */
		64D0292C2BB9955C00812207 /* EmotionsTracker */ = {
			isa = PBXNativeTarget;
			buildConfigurationList = 64D029402BB9955E00812207 /* Build configuration list for PBXNativeTarget "EmotionsTracker" */;
			buildPhases = (
				64D029292BB9955C00812207 /* Sources */,
				64D0292A2BB9955C00812207 /* Frameworks */,
				64D0292B2BB9955C00812207 /* Resources */,
			);
			buildRules = (
			);
			dependencies = (
			);
			name = EmotionsTracker;
			productName = EmotionsTracker;
			productReference = 64D0292D2BB9955C00812207 /* EmotionsTracker.app */;
			productType = "com.apple.product-type.application";
		};
/* End PBXNativeTarget section */

/* Begin PBXProject section */
		64D029252BB9955C00812207 /* Project object */ = {
			isa = PBXProject;
			attributes = {
				BuildIndependentTargetsInParallel = 1;
				LastSwiftUpdateCheck = 1500;
				LastUpgradeCheck = 1500;
				TargetAttributes = {
					64D0292C2BB9955C00812207 = {
						CreatedOnToolsVersion = 15.0.1;
					};
				};
			};
			buildConfigurationList = 64D029282BB9955C00812207 /* Build configuration list for PBXProject "EmotionsTracker" */;
			compatibilityVersion = "Xcode 14.0";
			developmentRegion = en;
			hasScannedForEncodings = 0;
			knownRegions = (
				en,
				Base,
			);
			mainGroup = 64D029242BB9955C00812207;
			productRefGroup = 64D0292E2BB9955C00812207 /* Products */;
			projectDirPath = "";
			projectRoot = "";
			targets = (
				64D0292C2BB9955C00812207 /* EmotionsTracker */,
			);
		};
/* End PBXProject section */

/* Begin PBXResourcesBuildPhase section */
		64D0292B2BB9955C00812207 /* Resources */ = {
			isa = PBXResourcesBuildPhase;
			buildActionMask = 2147483647;
			files = (
				64D029382BB9955E00812207 /* Preview Assets.xcassets in Resources */,
				64D029352BB9955E00812207 /* Assets.xcassets in Resources */,
			);
			runOnlyForDeploymentPostprocessing = 0;
		};
/* End PBXResourcesBuildPhase section */

/* Begin PBXSourcesBuildPhase section */
		64D029292BB9955C00812207 /* Sources */ = {
			isa = PBXSourcesBuildPhase;
			buildActionMask = 2147483647;
			files = (
				645821032BE7E7690065140C /* EmotionLog.swift in Sources */,
				6425C7362BC3C69C00D05FE8 /* AddView.swift in Sources */,
				64549E372BF12F2200C3EF7C /* LocationManager.swift in Sources */,
				64D029442BB99A2B00812207 /* SettingsView.swift in Sources */,
				645820FD2BE7D4650065140C /* NotificationManager.swift in Sources */,
				64D0294A2BB99ABD00812207 /* JournalView.swift in Sources */,
				645820FB2BE7D3A00065140C /* AppDelegate.swift in Sources */,
				64D029332BB9955C00812207 /* ContentView.swift in Sources */,
				64273E432BEBD09100698C7B /* UpdateView.swift in Sources */,
				645821052BE7FCAC0065140C /* DetailView.swift in Sources */,
				64D029462BB99A6A00812207 /* AffirmationsView.swift in Sources */,
				64D029482BB99AA300812207 /* InsightsView.swift in Sources */,
				64549E392BF1502C00C3EF7C /* FeelingsEmotions.swift in Sources */,
				64D029312BB9955C00812207 /* EmotionsTrackerApp.swift in Sources */,
				645821012BE7D5FF0065140C /* DateHelper.swift in Sources */,
				645820F92BE79A830065140C /* ColorManager.swift in Sources */,
			);
			runOnlyForDeploymentPostprocessing = 0;
		};
/* End PBXSourcesBuildPhase section */

/* Begin XCBuildConfiguration section */
		64D0293E2BB9955E00812207 /* Debug */ = {
			isa = XCBuildConfiguration;
			buildSettings = {
				ALWAYS_SEARCH_USER_PATHS = NO;
				ASSETCATALOG_COMPILER_GENERATE_SWIFT_ASSET_SYMBOL_EXTENSIONS = YES;
				CLANG_ANALYZER_NONNULL = YES;
				CLANG_ANALYZER_NUMBER_OBJECT_CONVERSION = YES_AGGRESSIVE;
				CLANG_CXX_LANGUAGE_STANDARD = "gnu++20";
				CLANG_ENABLE_MODULES = YES;
				CLANG_ENABLE_OBJC_ARC = YES;
				CLANG_ENABLE_OBJC_WEAK = YES;
				CLANG_WARN_BLOCK_CAPTURE_AUTORELEASING = YES;
				CLANG_WARN_BOOL_CONVERSION = YES;
				CLANG_WARN_COMMA = YES;
				CLANG_WARN_CONSTANT_CONVERSION = YES;
				CLANG_WARN_DEPRECATED_OBJC_IMPLEMENTATIONS = YES;
				CLANG_WARN_DIRECT_OBJC_ISA_USAGE = YES_ERROR;
				CLANG_WARN_DOCUMENTATION_COMMENTS = YES;
				CLANG_WARN_EMPTY_BODY = YES;
				CLANG_WARN_ENUM_CONVERSION = YES;
				CLANG_WARN_INFINITE_RECURSION = YES;
				CLANG_WARN_INT_CONVERSION = YES;
				CLANG_WARN_NON_LITERAL_NULL_CONVERSION = YES;
				CLANG_WARN_OBJC_IMPLICIT_RETAIN_SELF = YES;
				CLANG_WARN_OBJC_LITERAL_CONVERSION = YES;
				CLANG_WARN_OBJC_ROOT_CLASS = YES_ERROR;
				CLANG_WARN_QUOTED_INCLUDE_IN_FRAMEWORK_HEADER = YES;
				CLANG_WARN_RANGE_LOOP_ANALYSIS = YES;
				CLANG_WARN_STRICT_PROTOTYPES = YES;
				CLANG_WARN_SUSPICIOUS_MOVE = YES;
				CLANG_WARN_UNGUARDED_AVAILABILITY = YES_AGGRESSIVE;
				CLANG_WARN_UNREACHABLE_CODE = YES;
				CLANG_WARN__DUPLICATE_METHOD_MATCH = YES;
				COPY_PHASE_STRIP = NO;
				DEBUG_INFORMATION_FORMAT = dwarf;
				ENABLE_STRICT_OBJC_MSGSEND = YES;
				ENABLE_TESTABILITY = YES;
				ENABLE_USER_SCRIPT_SANDBOXING = YES;
				GCC_C_LANGUAGE_STANDARD = gnu17;
				GCC_DYNAMIC_NO_PIC = NO;
				GCC_NO_COMMON_BLOCKS = YES;
				GCC_OPTIMIZATION_LEVEL = 0;
				GCC_PREPROCESSOR_DEFINITIONS = (
					"DEBUG=1",
					"$(inherited)",
				);
				GCC_WARN_64_TO_32_BIT_CONVERSION = YES;
				GCC_WARN_ABOUT_RETURN_TYPE = YES_ERROR;
				GCC_WARN_UNDECLARED_SELECTOR = YES;
				GCC_WARN_UNINITIALIZED_AUTOS = YES_AGGRESSIVE;
				GCC_WARN_UNUSED_FUNCTION = YES;
				GCC_WARN_UNUSED_VARIABLE = YES;
				IPHONEOS_DEPLOYMENT_TARGET = 17.0;
				LOCALIZATION_PREFERS_STRING_CATALOGS = YES;
				MTL_ENABLE_DEBUG_INFO = INCLUDE_SOURCE;
				MTL_FAST_MATH = YES;
				ONLY_ACTIVE_ARCH = YES;
				SDKROOT = iphoneos;
				SWIFT_ACTIVE_COMPILATION_CONDITIONS = "DEBUG $(inherited)";
				SWIFT_OPTIMIZATION_LEVEL = "-Onone";
			};
			name = Debug;
		};
		64D0293F2BB9955E00812207 /* Release */ = {
			isa = XCBuildConfiguration;
			buildSettings = {
				ALWAYS_SEARCH_USER_PATHS = NO;
				ASSETCATALOG_COMPILER_GENERATE_SWIFT_ASSET_SYMBOL_EXTENSIONS = YES;
				CLANG_ANALYZER_NONNULL = YES;
				CLANG_ANALYZER_NUMBER_OBJECT_CONVERSION = YES_AGGRESSIVE;
				CLANG_CXX_LANGUAGE_STANDARD = "gnu++20";
				CLANG_ENABLE_MODULES = YES;
				CLANG_ENABLE_OBJC_ARC = YES;
				CLANG_ENABLE_OBJC_WEAK = YES;
				CLANG_WARN_BLOCK_CAPTURE_AUTORELEASING = YES;
				CLANG_WARN_BOOL_CONVERSION = YES;
				CLANG_WARN_COMMA = YES;
				CLANG_WARN_CONSTANT_CONVERSION = YES;
				CLANG_WARN_DEPRECATED_OBJC_IMPLEMENTATIONS = YES;
				CLANG_WARN_DIRECT_OBJC_ISA_USAGE = YES_ERROR;
				CLANG_WARN_DOCUMENTATION_COMMENTS = YES;
				CLANG_WARN_EMPTY_BODY = YES;
				CLANG_WARN_ENUM_CONVERSION = YES;
				CLANG_WARN_INFINITE_RECURSION = YES;
				CLANG_WARN_INT_CONVERSION = YES;
				CLANG_WARN_NON_LITERAL_NULL_CONVERSION = YES;
				CLANG_WARN_OBJC_IMPLICIT_RETAIN_SELF = YES;
				CLANG_WARN_OBJC_LITERAL_CONVERSION = YES;
				CLANG_WARN_OBJC_ROOT_CLASS = YES_ERROR;
				CLANG_WARN_QUOTED_INCLUDE_IN_FRAMEWORK_HEADER = YES;
				CLANG_WARN_RANGE_LOOP_ANALYSIS = YES;
				CLANG_WARN_STRICT_PROTOTYPES = YES;
				CLANG_WARN_SUSPICIOUS_MOVE = YES;
				CLANG_WARN_UNGUARDED_AVAILABILITY = YES_AGGRESSIVE;
				CLANG_WARN_UNREACHABLE_CODE = YES;
				CLANG_WARN__DUPLICATE_METHOD_MATCH = YES;
				COPY_PHASE_STRIP = NO;
				DEBUG_INFORMATION_FORMAT = "dwarf-with-dsym";
				ENABLE_NS_ASSERTIONS = NO;
				ENABLE_STRICT_OBJC_MSGSEND = YES;
				ENABLE_USER_SCRIPT_SANDBOXING = YES;
				GCC_C_LANGUAGE_STANDARD = gnu17;
				GCC_NO_COMMON_BLOCKS = YES;
				GCC_WARN_64_TO_32_BIT_CONVERSION = YES;
				GCC_WARN_ABOUT_RETURN_TYPE = YES_ERROR;
				GCC_WARN_UNDECLARED_SELECTOR = YES;
				GCC_WARN_UNINITIALIZED_AUTOS = YES_AGGRESSIVE;
				GCC_WARN_UNUSED_FUNCTION = YES;
				GCC_WARN_UNUSED_VARIABLE = YES;
				IPHONEOS_DEPLOYMENT_TARGET = 17.0;
				LOCALIZATION_PREFERS_STRING_CATALOGS = YES;
				MTL_ENABLE_DEBUG_INFO = NO;
				MTL_FAST_MATH = YES;
				SDKROOT = iphoneos;
				SWIFT_COMPILATION_MODE = wholemodule;
				VALIDATE_PRODUCT = YES;
			};
			name = Release;
		};
		64D029412BB9955E00812207 /* Debug */ = {
			isa = XCBuildConfiguration;
			buildSettings = {
				ASSETCATALOG_COMPILER_APPICON_NAME = AppIcon;
				ASSETCATALOG_COMPILER_GLOBAL_ACCENT_COLOR_NAME = AccentColor;
				CODE_SIGN_STYLE = Automatic;
				CURRENT_PROJECT_VERSION = 1;
				DEVELOPMENT_ASSET_PATHS = "\"EmotionsTracker/Preview Content\"";
				DEVELOPMENT_TEAM = NUU52T5YQY;
				ENABLE_PREVIEWS = YES;
				GENERATE_INFOPLIST_FILE = YES;
				INFOPLIST_KEY_CFBundleDisplayName = "Emotions Tracker";
				INFOPLIST_KEY_LSApplicationCategoryType = "public.app-category.healthcare-fitness";
				INFOPLIST_KEY_NSLocationWhenInUseUsageDescription = "Location where the emotion log is created would be saved.";
				INFOPLIST_KEY_UIApplicationSceneManifest_Generation = YES;
				INFOPLIST_KEY_UIApplicationSupportsIndirectInputEvents = YES;
				INFOPLIST_KEY_UILaunchScreen_Generation = YES;
				INFOPLIST_KEY_UISupportedInterfaceOrientations_iPad = "UIInterfaceOrientationPortrait UIInterfaceOrientationPortraitUpsideDown UIInterfaceOrientationLandscapeLeft UIInterfaceOrientationLandscapeRight";
				INFOPLIST_KEY_UISupportedInterfaceOrientations_iPhone = "UIInterfaceOrientationPortrait UIInterfaceOrientationLandscapeLeft UIInterfaceOrientationLandscapeRight";
				LD_RUNPATH_SEARCH_PATHS = (
					"$(inherited)",
					"@executable_path/Frameworks",
				);
				MARKETING_VERSION = 1.0;
				PRODUCT_BUNDLE_IDENTIFIER = cz.cvut.fel.urbanm48.EmotionsTracker;
				PRODUCT_NAME = "$(TARGET_NAME)";
				SWIFT_EMIT_LOC_STRINGS = YES;
				SWIFT_VERSION = 5.0;
				TARGETED_DEVICE_FAMILY = "1,2";
			};
			name = Debug;
		};
		64D029422BB9955E00812207 /* Release */ = {
			isa = XCBuildConfiguration;
			buildSettings = {
				ASSETCATALOG_COMPILER_APPICON_NAME = AppIcon;
				ASSETCATALOG_COMPILER_GLOBAL_ACCENT_COLOR_NAME = AccentColor;
				CODE_SIGN_STYLE = Automatic;
				CURRENT_PROJECT_VERSION = 1;
				DEVELOPMENT_ASSET_PATHS = "\"EmotionsTracker/Preview Content\"";
				DEVELOPMENT_TEAM = NUU52T5YQY;
				ENABLE_PREVIEWS = YES;
				GENERATE_INFOPLIST_FILE = YES;
				INFOPLIST_KEY_CFBundleDisplayName = "Emotions Tracker";
				INFOPLIST_KEY_LSApplicationCategoryType = "public.app-category.healthcare-fitness";
				INFOPLIST_KEY_NSLocationWhenInUseUsageDescription = "Location where the emotion log is created would be saved.";
				INFOPLIST_KEY_UIApplicationSceneManifest_Generation = YES;
				INFOPLIST_KEY_UIApplicationSupportsIndirectInputEvents = YES;
				INFOPLIST_KEY_UILaunchScreen_Generation = YES;
				INFOPLIST_KEY_UISupportedInterfaceOrientations_iPad = "UIInterfaceOrientationPortrait UIInterfaceOrientationPortraitUpsideDown UIInterfaceOrientationLandscapeLeft UIInterfaceOrientationLandscapeRight";
				INFOPLIST_KEY_UISupportedInterfaceOrientations_iPhone = "UIInterfaceOrientationPortrait UIInterfaceOrientationLandscapeLeft UIInterfaceOrientationLandscapeRight";
				LD_RUNPATH_SEARCH_PATHS = (
					"$(inherited)",
					"@executable_path/Frameworks",
				);
				MARKETING_VERSION = 1.0;
				PRODUCT_BUNDLE_IDENTIFIER = cz.cvut.fel.urbanm48.EmotionsTracker;
				PRODUCT_NAME = "$(TARGET_NAME)";
				SWIFT_EMIT_LOC_STRINGS = YES;
				SWIFT_VERSION = 5.0;
				TARGETED_DEVICE_FAMILY = "1,2";
			};
			name = Release;
		};
/* End XCBuildConfiguration section */

/* Begin XCConfigurationList section */
		64D029282BB9955C00812207 /* Build configuration list for PBXProject "EmotionsTracker" */ = {
			isa = XCConfigurationList;
			buildConfigurations = (
				64D0293E2BB9955E00812207 /* Debug */,
				64D0293F2BB9955E00812207 /* Release */,
			);
			defaultConfigurationIsVisible = 0;
			defaultConfigurationName = Release;
		};
		64D029402BB9955E00812207 /* Build configuration list for PBXNativeTarget "EmotionsTracker" */ = {
			isa = XCConfigurationList;
			buildConfigurations = (
				64D029412BB9955E00812207 /* Debug */,
				64D029422BB9955E00812207 /* Release */,
			);
			defaultConfigurationIsVisible = 0;
			defaultConfigurationName = Release;
		};
/* End XCConfigurationList section */
	};
	rootObject = 64D029252BB9955C00812207 /* Project object */;
}
